
Microsoft Visual Studio Solution File, Format Version 12.00
# Visual Studio Version 17
VisualStudioVersion = 17.13.35919.96 d17.13
MinimumVisualStudioVersion = 10.0.40219.1
Project("{FAE04EC0-301F-11D3-BF4B-00C04F79EFBC}") = "exercio dia 06-06", "exercio dia 06-06\exercio dia 06-06.csproj", "{3281B312-65F9-4C77-9DA9-BECA8F98F482}"
EndProject
Global
	GlobalSection(SolutionConfigurationPlatforms) = preSolution
		Debug|Any CPU = Debug|Any CPU
		Release|Any CPU = Release|Any CPU
	EndGlobalSection
	GlobalSection(ProjectConfigurationPlatforms) = postSolution
		{3281B312-65F9-4C77-9DA9-BECA8F98F482}.Debug|Any CPU.ActiveCfg = Debug|Any CPU
		{3281B312-65F9-4C77-9DA9-BECA8F98F482}.Debug|Any CPU.Build.0 = Debug|Any CPU
		{3281B312-65F9-4C77-9DA9-BECA8F98F482}.Release|Any CPU.ActiveCfg = Release|Any CPU
		{3281B312-65F9-4C77-9DA9-BECA8F98F482}.Release|Any CPU.Build.0 = Release|Any CPU
	EndGlobalSection
	GlobalSection(SolutionProperties) = preSolution
		HideSolutionNode = FALSE
	EndGlobalSection
	GlobalSection(ExtensibilityGlobals) = postSolution
		SolutionGuid = {9884639E-E546-48F1-93BB-3E22DD68797B}
	EndGlobalSection
EndGlobal
