
Microsoft Visual Studio Solution File, Format Version 12.00
# Visual Studio Version 17
VisualStudioVersion = 17.13.35919.96 d17.13
MinimumVisualStudioVersion = 10.0.40219.1
Project("{FAE04EC0-301F-11D3-BF4B-00C04F79EFBC}") = "exemplo quizz", "exemplo quizz\exemplo quizz.csproj", "{01FEADAA-D394-43D8-9BE1-4D2F669E46A8}"
EndProject
Global
	GlobalSection(SolutionConfigurationPlatforms) = preSolution
		Debug|Any CPU = Debug|Any CPU
		Release|Any CPU = Release|Any CPU
	EndGlobalSection
	GlobalSection(ProjectConfigurationPlatforms) = postSolution
		{01FEADAA-D394-43D8-9BE1-4D2F669E46A8}.Debug|Any CPU.ActiveCfg = Debug|Any CPU
		{01FEADAA-D394-43D8-9BE1-4D2F669E46A8}.Debug|Any CPU.Build.0 = Debug|Any CPU
		{01FEADAA-D394-43D8-9BE1-4D2F669E46A8}.Release|Any CPU.ActiveCfg = Release|Any CPU
		{01FEADAA-D394-43D8-9BE1-4D2F669E46A8}.Release|Any CPU.Build.0 = Release|Any CPU
	EndGlobalSection
	GlobalSection(SolutionProperties) = preSolution
		HideSolutionNode = FALSE
	EndGlobalSection
	GlobalSection(ExtensibilityGlobals) = postSolution
		SolutionGuid = {81298A40-C289-4BF4-9B20-FBBCDE7B400D}
	EndGlobalSection
EndGlobal
