
Microsoft Visual Studio Solution File, Format Version 12.00
# Visual Studio Version 17
VisualStudioVersion = 17.13.35919.96 d17.13
MinimumVisualStudioVersion = 10.0.40219.1
Project("{FAE04EC0-301F-11D3-BF4B-00C04F79EFBC}") = "Exercicio listbox", "Exercicio listbox\Exercicio listbox.csproj", "{25902E37-C915-426D-9762-BF2CF0B7DF8E}"
EndProject
Global
	GlobalSection(SolutionConfigurationPlatforms) = preSolution
		Debug|Any CPU = Debug|Any CPU
		Release|Any CPU = Release|Any CPU
	EndGlobalSection
	GlobalSection(ProjectConfigurationPlatforms) = postSolution
		{25902E37-C915-426D-9762-BF2CF0B7DF8E}.Debug|Any CPU.ActiveCfg = Debug|Any CPU
		{25902E37-C915-426D-9762-BF2CF0B7DF8E}.Debug|Any CPU.Build.0 = Debug|Any CPU
		{25902E37-C915-426D-9762-BF2CF0B7DF8E}.Release|Any CPU.ActiveCfg = Release|Any CPU
		{25902E37-C915-426D-9762-BF2CF0B7DF8E}.Release|Any CPU.Build.0 = Release|Any CPU
	EndGlobalSection
	GlobalSection(SolutionProperties) = preSolution
		HideSolutionNode = FALSE
	EndGlobalSection
	GlobalSection(ExtensibilityGlobals) = postSolution
		SolutionGuid = {CC16EDF5-11B5-4EE1-BB24-AD54049A4373}
	EndGlobalSection
EndGlobal
