
Microsoft Visual Studio Solution File, Format Version 12.00
# Visual Studio Version 17
VisualStudioVersion = 17.5.33424.131
MinimumVisualStudioVersion = 10.0.40219.1
Project("{FAE04EC0-301F-11D3-BF4B-00C04F79EFBC}") = "exemlo switch combobox", "exemlo switch combobox.csproj", "{993B683C-1473-4992-9478-AA113463153C}"
EndProject
Global
	GlobalSection(SolutionConfigurationPlatforms) = preSolution
		Debug|Any CPU = Debug|Any CPU
		Release|Any CPU = Release|Any CPU
	EndGlobalSection
	GlobalSection(ProjectConfigurationPlatforms) = postSolution
		{993B683C-1473-4992-9478-AA113463153C}.Debug|Any CPU.ActiveCfg = Debug|Any CPU
		{993B683C-1473-4992-9478-AA113463153C}.Debug|Any CPU.Build.0 = Debug|Any CPU
		{993B683C-1473-4992-9478-AA113463153C}.Release|Any CPU.ActiveCfg = Release|Any CPU
		{993B683C-1473-4992-9478-AA113463153C}.Release|Any CPU.Build.0 = Release|Any CPU
	EndGlobalSection
	GlobalSection(SolutionProperties) = preSolution
		HideSolutionNode = FALSE
	EndGlobalSection
	GlobalSection(ExtensibilityGlobals) = postSolution
		SolutionGuid = {8BC2AC3F-FC3E-4201-9FCF-05157FFF436B}
	EndGlobalSection
EndGlobal
