
Microsoft Visual Studio Solution File, Format Version 12.00
# Visual Studio Version 17
VisualStudioVersion = 17.13.35919.96 d17.13
MinimumVisualStudioVersion = 10.0.40219.1
Project("{FAE04EC0-301F-11D3-BF4B-00C04F79EFBC}") = "exemploquizz", "exemploquizz\exemploquizz.csproj", "{D3CA1852-BDBF-49EC-982A-552F3381963B}"
EndProject
Global
	GlobalSection(SolutionConfigurationPlatforms) = preSolution
		Debug|Any CPU = Debug|Any CPU
		Release|Any CPU = Release|Any CPU
	EndGlobalSection
	GlobalSection(ProjectConfigurationPlatforms) = postSolution
		{D3CA1852-BDBF-49EC-982A-552F3381963B}.Debug|Any CPU.ActiveCfg = Debug|Any CPU
		{D3CA1852-BDBF-49EC-982A-552F3381963B}.Debug|Any CPU.Build.0 = Debug|Any CPU
		{D3CA1852-BDBF-49EC-982A-552F3381963B}.Release|Any CPU.ActiveCfg = Release|Any CPU
		{D3CA1852-BDBF-49EC-982A-552F3381963B}.Release|Any CPU.Build.0 = Release|Any CPU
	EndGlobalSection
	GlobalSection(SolutionProperties) = preSolution
		HideSolutionNode = FALSE
	EndGlobalSection
	GlobalSection(ExtensibilityGlobals) = postSolution
		SolutionGuid = {3429F262-99CF-45BA-B62A-EFE7757E5B99}
	EndGlobalSection
EndGlobal
