
Microsoft Visual Studio Solution File, Format Version 12.00
# Visual Studio Version 17
VisualStudioVersion = 17.13.35919.96 d17.13
MinimumVisualStudioVersion = 10.0.40219.1
Project("{FAE04EC0-301F-11D3-BF4B-00C04F79EFBC}") = "exemplo caça-palavra", "exemplo caça-palavra\exemplo caça-palavra.csproj", "{0C878307-CC84-4D4A-96A6-C50B1B87C278}"
EndProject
Global
	GlobalSection(SolutionConfigurationPlatforms) = preSolution
		Debug|Any CPU = Debug|Any CPU
		Release|Any CPU = Release|Any CPU
	EndGlobalSection
	GlobalSection(ProjectConfigurationPlatforms) = postSolution
		{0C878307-CC84-4D4A-96A6-C50B1B87C278}.Debug|Any CPU.ActiveCfg = Debug|Any CPU
		{0C878307-CC84-4D4A-96A6-C50B1B87C278}.Debug|Any CPU.Build.0 = Debug|Any CPU
		{0C878307-CC84-4D4A-96A6-C50B1B87C278}.Release|Any CPU.ActiveCfg = Release|Any CPU
		{0C878307-CC84-4D4A-96A6-C50B1B87C278}.Release|Any CPU.Build.0 = Release|Any CPU
	EndGlobalSection
	GlobalSection(SolutionProperties) = preSolution
		HideSolutionNode = FALSE
	EndGlobalSection
	GlobalSection(ExtensibilityGlobals) = postSolution
		SolutionGuid = {A3747357-509A-4FD3-8211-ADC0D7F8CB72}
	EndGlobalSection
EndGlobal
